{
    "_meta": {
        "hash": {
            "sha256": "a889dcd520e7e8a397614904f76045fda6c42e8abfc9733e45ff0e2e93432414"
        },
        "pipfile-spec": 6,
        "requires": {
            "python_version": "3"
        },
        "sources": [
            {
                "name": "pypi",
                "url": "https://pypi.org/simple",
                "verify_ssl": true
            }
        ]
    },
    "default": {
        "absl-py": {
            "hashes": [
                "sha256:84e6dcdc69c947d0c13e5457d056bd43cade4c2393dce00d684aedea77ddc2a3",
                "sha256:ac511215c01ee9ae47b19716599e8ccfa746f2e18de72bdf641b79b22afa27ea"
            ],
            "markers": "python_version >= '3.6'",
            "version": "==1.0.0"
        },
        "click": {
            "hashes": [
                "sha256:353f466495adaeb40b6b5f592f9f91cb22372351c84caeb068132442a4518ef3",
                "sha256:410e932b050f5eed773c4cda94de75971c89cdb3155a72a0831139a79e5ecb5b"
            ],
            "markers": "python_version >= '3.6'",
            "version": "==8.0.3"
        },
        "numpy": {
            "hashes": [
                "sha256:0d245a2bf79188d3f361137608c3cd12ed79076badd743dc660750a9f3074f7c",
                "sha256:26b4018a19d2ad9606ce9089f3d52206a41b23de5dfe8dc947d2ec49ce45d015",
                "sha256:2db01d9838a497ba2aa9a87515aeaf458f42351d72d4e7f3b8ddbd1eba9479f2",
                "sha256:3d62d6b0870b53799204515145935608cdeb4cebb95a26800b6750e48884cc5b",
                "sha256:45a7dfbf9ed8d68fd39763940591db7637cf8817c5bce1a44f7b56c97cbe211e",
                "sha256:4ac4d7c9f8ea2a79d721ebfcce81705fc3cd61a10b731354f1049eb8c99521e8",
                "sha256:60f19c61b589d44fbbab8ff126640ae712e163299c2dd422bfe4edc7ec51aa9b",
                "sha256:632e062569b0fe05654b15ef0e91a53c0a95d08ffe698b66f6ba0f927ad267c2",
                "sha256:65f5e257987601fdfc63f1d02fca4d1c44a2b85b802f03bd6abc2b0b14648dd2",
                "sha256:69958735d5e01f7b38226a6c6e7187d72b7e4d42b6b496aca5860b611ca0c193",
                "sha256:78bfbdf809fc236490e7e65715bbd98377b122f329457fffde206299e163e7f3",
                "sha256:7e957ca8112c689b728037cea9c9567c27cf912741fabda9efc2c7d33d29dfa1",
                "sha256:800dfeaffb2219d49377da1371d710d7952c9533b57f3d51b15e61c4269a1b5b",
                "sha256:831f2df87bd3afdfc77829bc94bd997a7c212663889d56518359c827d7113b1f",
                "sha256:88d54b7b516f0ca38a69590557814de2dd638d7d4ed04864826acaac5ebb8f01",
                "sha256:8d1563060e77096367952fb44fca595f2b2f477156de389ce7c0ade3aef29e21",
                "sha256:b5ec9a5eaf391761c61fd873363ef3560a3614e9b4ead17347e4deda4358bca4",
                "sha256:bcd19dab43b852b03868796f533b5f5561e6c0e3048415e675bec8d2e9d286c1",
                "sha256:c51124df17f012c3b757380782ae46eee85213a3215e51477e559739f57d9bf6",
                "sha256:e348ccf5bc5235fc405ab19d53bec215bb373300e5523c7b476cc0da8a5e9973",
                "sha256:e60ef82c358ded965fdd3132b5738eade055f48067ac8a5a8ac75acc00cad31f",
                "sha256:f8ad59e6e341f38266f1549c7c2ec70ea0e3d1effb62a44e5c3dba41c55f0187"
            ],
            "markers": "python_version >= '3.8'",
            "version": "==1.22.1"
        },
        "ortools": {
            "hashes": [
                "sha256:15773e1c60923e34b2abea7e6f11738cfb88c0ab02c4b7bb781d590c2540be9a",
                "sha256:20fcbd7e5c9a15ca07b8bdfe862f2823ac8d20a1a3c94c84ce4fd419c838dc74",
                "sha256:5b3f2ca0833697f97101249681d3e9aebe4d083c13d96000f17e644b9818bb44",
                "sha256:7f90f89e8a6402638a01fdee96978dd3099e5963bf0448a9e5d349f082816b49",
                "sha256:80876580f165e49b9bef1911222b1e2f66d811f3cc1db6b1736a9e41a3034795",
                "sha256:859abeebb2df529249ccfcad74532c711e2e74ce027d3f6262e177f02d3a0481",
                "sha256:8d9e4301a8e6be76d7633b8ef11f32ab30c6f11965f81206ac3bb31eff6f9f35",
                "sha256:a7309df785c94d1271e89939191868566d6d2c3cd0dce8901fc862299f8bef70",
                "sha256:b51bce0e64d69693f173acdd8a336ca85388a3e1fddaa15890531c233d753b4a",
                "sha256:b9559bd4654d819e9512afb00c2861f261aba2584775e975353ae0da1d444c39",
                "sha256:c7a5353528670fb549e95c4e45acf34f50098e472712e33644e2d624ef337020",
                "sha256:d09afa75831471c61dac8f717c1b6a7b21199aae5e8359da28f074d06493d755",
                "sha256:d6954fb0705bd489642ab02fbb2b0dc1f53eed83f19f715219d7c9f0aff6c061",
                "sha256:d77115bce3aa83fedaadb9ea9e0dba3dbe74383d2a75a22c4a2f40816aea90b9",
                "sha256:e01dd5fb314623cdbd4773bc691f6434aee58c9d32ed1e9b2b5ebc316e967743",
                "sha256:e0d20341ba730b38902c6745889ef6f78362ad20e53ff01bbe5668f8507ea9af",
                "sha256:e5dfda3f6b01dc321e797b8733855830c81882a1eaa92a536b9a1f559f69989b",
                "sha256:ef8b4214144b352da42f8a730520356e3a8386cf939a55dce35d3309d475b4d0",
                "sha256:f73b7e9edbee2f41afef79e111d0edfa343fa5a580c94613e5f8a5f28f56566a",
                "sha256:fd21c1e00a6deb26ef811a1cf7904689f49aa9030444e4bf31ef668389d3bba2"
            ],
            "index": "pypi",
            "version": "==9.2.9972"
        },
        "protobuf": {
            "hashes": [
                "sha256:1291a0a7db7d792745c99d4657b4c5c4942695c8b1ac1bfb993a34035ec123f7",
                "sha256:18c40a1b8721026a85187640f1786d52407dc9c1ba8ec38accb57a46e84015f6",
                "sha256:1cb2ed66aac593adbf6dca4f07cd7ee7e2958b17bbc85b2cc8bc564ebeb258ec",
                "sha256:2acd7ca329be544d1a603d5f13a4e34a3791c90d651ebaf130ba2e43ae5397c6",
                "sha256:2cddcbcc222f3144765ccccdb35d3621dc1544da57a9aca7e1944c1a4fe3db11",
                "sha256:397d82f1c58b76445469c8c06b8dee1ff67b3053639d054f52599a458fac9bc6",
                "sha256:3bf3a07d17ba3511fe5fa916afb7351f482ab5dbab5afe71a7a384274a2cd550",
                "sha256:3f80a3491eaca767cdd86cb8660dc778f634b44abdb0dffc9b2a8e8d0cd617d0",
                "sha256:49677e5e9c7ea1245a90c2e8a00d304598f22ea3aa0628f0e0a530a9e70665fa",
                "sha256:544fe9705189b249380fae07952d220c97f5c6c9372a6f936cc83a79601dcb70",
                "sha256:6202df8ee8457cb00810c6e76ced480f22a1e4e02c899a14e7b6e6e1de09f938",
                "sha256:84bf3aa3efb00dbe1c7ed55da0f20800b0662541e582d7e62b3e1464d61ed365",
                "sha256:898bda9cd37ec0c781b598891e86435de80c3bfa53eb483a9dac5a11ec93e942",
                "sha256:8ad761ef3be34c8bdc7285bec4b40372a8dad9e70cfbdc1793cd3cf4c1a4ce74",
                "sha256:8ceaf5fdb72c8e1fcb7be9f2b3b07482ce058a3548180c0bdd5c7e4ac5e14165",
                "sha256:a9401d96552befcc7311f5ef8f0fa7dba0ef5fd805466b158b141606cd0ab6a8",
                "sha256:af7238849fa79285d448a24db686517570099739527a03c9c2971cce99cc5ae2",
                "sha256:afa8122de8064fd577f49ae9eef433561c8ace97a0a7b969d56e8b1d39b5d177",
                "sha256:b53519b2ebec70cfe24b4ddda21e9843f0918d7c3627a785393fb35d402ab8ad",
                "sha256:c781402ed5396ab56358d7b866d78c03a77cbc26ba0598d8bb0ac32084b1a257",
                "sha256:d975a6314fbf5c524d4981e24294739216b5fb81ef3c14b86fb4b045d6690907",
                "sha256:df2ba379ee42427e8fcc6a0a76843bff6efb34ef5266b17f95043939b5e25b69",
                "sha256:e54b8650e849ee8e95e481024bff92cf98f5ec61c7650cb838d928a140adcb63",
                "sha256:e765e6dfbbb02c55e4d6d1145743401a84fc0b508f5a81b2c5a738cf86353139",
                "sha256:ef02d112c025e83db5d1188a847e358beab3e4bbfbbaf10eaf69e67359af51b2",
                "sha256:f6d4b5b7595a57e69eb7314c67bef4a3c745b4caf91accaf72913d8e0635111b"
            ],
            "markers": "python_version >= '3.5'",
            "version": "==3.19.3"
        },
        "six": {
            "hashes": [
                "sha256:1e61c37477a1626458e36f7b1d82aa5c9b094fa4802892072e49de9c60c4c926",
                "sha256:8abb2f1d86890a2dfb989f9a77cfcfd3e47c2a354b01111771326f8aa26e0254"
            ],
            "markers": "python_version >= '2.7' and python_version not in '3.0, 3.1, 3.2, 3.3'",
            "version": "==1.16.0"
        },
        "typer": {
            "hashes": [
                "sha256:63c3aeab0549750ffe40da79a1b524f60e08a2cbc3126c520ebf2eeaf507f5dd",
                "sha256:d81169725140423d072df464cad1ff25ee154ef381aaf5b8225352ea187ca338"
            ],
            "index": "pypi",
            "version": "==0.4.0"
        }
    },
    "develop": {}
}
